
Microsoft Visual Studio Solution File, Format Version 12.00
# Visual Studio 15
VisualStudioVersion = 15.0.27428.2027
MinimumVisualStudioVersion = 10.0.40219.1
Project("{9A19103F-16F7-4668-BE54-9A1E7A4F7556}") = "ITI.SFML.Audio", "ITI.SFML.Audio\ITI.SFML.Audio.csproj", "{669906FB-94A8-4417-A190-261E40BA25FA}"
EndProject
Project("{9A19103F-16F7-4668-BE54-9A1E7A4F7556}") = "ITI.SFML.Demo", "ITI.SFML.Demo\ITI.SFML.Demo.csproj", "{389338EC-6BFB-4CA5-8614-3BAB3334F358}"
EndProject
Project("{9A19103F-16F7-4668-BE54-9A1E7A4F7556}") = "ITI.SFML.Graphics", "ITI.SFML.Graphics\ITI.SFML.Graphics.csproj", "{CEFD5C3D-AB9B-4BBB-904C-CA69519923AC}"
EndProject
Project("{9A19103F-16F7-4668-BE54-9A1E7A4F7556}") = "ITI.SFML.System", "ITI.SFML.System\ITI.SFML.System.csproj", "{5E97CCD0-C0CD-4725-9A20-71AAA8CBCC00}"
EndProject
Project("{9A19103F-16F7-4668-BE54-9A1E7A4F7556}") = "ITI.SFML.Window", "ITI.SFML.Window\ITI.SFML.Window.csproj", "{B74DC569-A558-4CFD-9A66-539152F85C9D}"
EndProject
Global
	GlobalSection(SolutionConfigurationPlatforms) = preSolution
		Debug|Any CPU = Debug|Any CPU
		Release|Any CPU = Release|Any CPU
	EndGlobalSection
	GlobalSection(ProjectConfigurationPlatforms) = postSolution
		{669906FB-94A8-4417-A190-261E40BA25FA}.Debug|Any CPU.ActiveCfg = Debug|Any CPU
		{669906FB-94A8-4417-A190-261E40BA25FA}.Debug|Any CPU.Build.0 = Debug|Any CPU
		{669906FB-94A8-4417-A190-261E40BA25FA}.Release|Any CPU.ActiveCfg = Release|Any CPU
		{669906FB-94A8-4417-A190-261E40BA25FA}.Release|Any CPU.Build.0 = Release|Any CPU
		{389338EC-6BFB-4CA5-8614-3BAB3334F358}.Debug|Any CPU.ActiveCfg = Debug|Any CPU
		{389338EC-6BFB-4CA5-8614-3BAB3334F358}.Debug|Any CPU.Build.0 = Debug|Any CPU
		{389338EC-6BFB-4CA5-8614-3BAB3334F358}.Release|Any CPU.ActiveCfg = Release|Any CPU
		{389338EC-6BFB-4CA5-8614-3BAB3334F358}.Release|Any CPU.Build.0 = Release|Any CPU
		{CEFD5C3D-AB9B-4BBB-904C-CA69519923AC}.Debug|Any CPU.ActiveCfg = Debug|Any CPU
		{CEFD5C3D-AB9B-4BBB-904C-CA69519923AC}.Debug|Any CPU.Build.0 = Debug|Any CPU
		{CEFD5C3D-AB9B-4BBB-904C-CA69519923AC}.Release|Any CPU.ActiveCfg = Release|Any CPU
		{CEFD5C3D-AB9B-4BBB-904C-CA69519923AC}.Release|Any CPU.Build.0 = Release|Any CPU
		{5E97CCD0-C0CD-4725-9A20-71AAA8CBCC00}.Debug|Any CPU.ActiveCfg = Debug|Any CPU
		{5E97CCD0-C0CD-4725-9A20-71AAA8CBCC00}.Debug|Any CPU.Build.0 = Debug|Any CPU
		{5E97CCD0-C0CD-4725-9A20-71AAA8CBCC00}.Release|Any CPU.ActiveCfg = Release|Any CPU
		{5E97CCD0-C0CD-4725-9A20-71AAA8CBCC00}.Release|Any CPU.Build.0 = Release|Any CPU
		{B74DC569-A558-4CFD-9A66-539152F85C9D}.Debug|Any CPU.ActiveCfg = Debug|Any CPU
		{B74DC569-A558-4CFD-9A66-539152F85C9D}.Debug|Any CPU.Build.0 = Debug|Any CPU
		{B74DC569-A558-4CFD-9A66-539152F85C9D}.Release|Any CPU.ActiveCfg = Release|Any CPU
		{B74DC569-A558-4CFD-9A66-539152F85C9D}.Release|Any CPU.Build.0 = Release|Any CPU
	EndGlobalSection
	GlobalSection(SolutionProperties) = preSolution
		HideSolutionNode = FALSE
	EndGlobalSection
	GlobalSection(ExtensibilityGlobals) = postSolution
		SolutionGuid = {B4E334B5-8A58-419E-A0FD-DECB95D9A398}
	EndGlobalSection
EndGlobal
